PODS:
  - AvoidCrash (2.5.2)
  - JCore (1.2.2)
  - JPush (3.1.0):
    - JCore (~> 1.2.0)

DEPENDENCIES:
  - AvoidCrash (~> 2.5.2)
  - JPush (= 3.1.0)

SPEC REPOS:
  https://github.com/cocoapods/specs.git:
    - AvoidCrash
    - JCore
    - JPush

SPEC CHECKSUMS:
  AvoidCrash: 28c6916fe19bd2b84126b8dec7cbe61c9a12741d
  JCore: f14c0549968a63c22e246a4875aa9d428446f373
  JPush: 5921e25ad13e0386351079217b009f2039084eac

PODFILE CHECKSUM: fb1a2c3f110d012c8729db403a7c211b501f895a

COCOAPODS: 1.5.3
